<Solution>
  <Project Path="FDL.Core/FDL.Core.csproj" Id="fe44a411-40a0-4ecd-89a5-aeec72b45d75" />
  <Project Path="FDL.WF/FDL.WF.csproj" Id="d400a758-b6f1-4c7b-9d10-dd90359146e2" />
  <Project Path="FDL.Infra/FDL.Infra.csproj" Id="54ba402d-c6b9-41a0-843b-cbcf8b3c3f29" />
  <Project Path="FDL.Loc/FDL.Loc.csproj" />
  <Folder Name="/Tests/">
    <Project Path="FDL.Core.Tests/FDL.Core.Tests.csproj" Id="09101ae4-fcfe-489c-bd35-1716577bca2d" />
    <Project Path="FDL.Loc.Tests/FDL.Loc.Tests.csproj" Id="12a79b0f-e497-4e13-97d8-b02609fa8334" />
    <Project Path="FDL.WF.Tests/FDL.WF.Tests.csproj" Id="4092887f-c59b-43f2-b366-a4154ad0b442" />
  </Folder>
</Solution>
